
Microsoft Visual Studio Solution File, Format Version 12.00
# Visual Studio Version 16
VisualStudioVersion = 16.0.30330.147
MinimumVisualStudioVersion = 10.0.40219.1
Project("{9A19103F-16F7-4668-BE54-9A1E7A4F7556}") = "ModelInterface", "ModelInterface\ModelInterface.csproj", "{3232EBF9-F755-4634-B3A0-DE54E9E4A1D3}"
EndProject
Project("{9A19103F-16F7-4668-BE54-9A1E7A4F7556}") = "InMemoryMessageRepository", "InMemoryMessageRepository\InMemoryMessageRepository.csproj", "{9160E3D3-8879-4464-AF88-9F57C565EC6C}"
EndProject
Project("{9A19103F-16F7-4668-BE54-9A1E7A4F7556}") = "MessageBoardTest", "MessageBoardTest\MessageBoardTest.csproj", "{24A7FD3C-4EB1-4D71-8754-9644E2D80D07}"
EndProject
Project("{FAE04EC0-301F-11D3-BF4B-00C04F79EFBC}") = "InMemoryRepositoryTests", "InMemoryRepositoryTests\InMemoryRepositoryTests.csproj", "{8F5B5937-52C5-4C63-BEEF-829F158BA538}"
EndProject
Global
	GlobalSection(SolutionConfigurationPlatforms) = preSolution
		Debug|Any CPU = Debug|Any CPU
		Release|Any CPU = Release|Any CPU
	EndGlobalSection
	GlobalSection(ProjectConfigurationPlatforms) = postSolution
		{3232EBF9-F755-4634-B3A0-DE54E9E4A1D3}.Debug|Any CPU.ActiveCfg = Debug|Any CPU
		{3232EBF9-F755-4634-B3A0-DE54E9E4A1D3}.Debug|Any CPU.Build.0 = Debug|Any CPU
		{3232EBF9-F755-4634-B3A0-DE54E9E4A1D3}.Release|Any CPU.ActiveCfg = Release|Any CPU
		{3232EBF9-F755-4634-B3A0-DE54E9E4A1D3}.Release|Any CPU.Build.0 = Release|Any CPU
		{9160E3D3-8879-4464-AF88-9F57C565EC6C}.Debug|Any CPU.ActiveCfg = Debug|Any CPU
		{9160E3D3-8879-4464-AF88-9F57C565EC6C}.Debug|Any CPU.Build.0 = Debug|Any CPU
		{9160E3D3-8879-4464-AF88-9F57C565EC6C}.Release|Any CPU.ActiveCfg = Release|Any CPU
		{9160E3D3-8879-4464-AF88-9F57C565EC6C}.Release|Any CPU.Build.0 = Release|Any CPU
		{24A7FD3C-4EB1-4D71-8754-9644E2D80D07}.Debug|Any CPU.ActiveCfg = Debug|Any CPU
		{24A7FD3C-4EB1-4D71-8754-9644E2D80D07}.Debug|Any CPU.Build.0 = Debug|Any CPU
		{24A7FD3C-4EB1-4D71-8754-9644E2D80D07}.Release|Any CPU.ActiveCfg = Release|Any CPU
		{24A7FD3C-4EB1-4D71-8754-9644E2D80D07}.Release|Any CPU.Build.0 = Release|Any CPU
		{8F5B5937-52C5-4C63-BEEF-829F158BA538}.Debug|Any CPU.ActiveCfg = Debug|Any CPU
		{8F5B5937-52C5-4C63-BEEF-829F158BA538}.Debug|Any CPU.Build.0 = Debug|Any CPU
		{8F5B5937-52C5-4C63-BEEF-829F158BA538}.Release|Any CPU.ActiveCfg = Release|Any CPU
		{8F5B5937-52C5-4C63-BEEF-829F158BA538}.Release|Any CPU.Build.0 = Release|Any CPU
	EndGlobalSection
	GlobalSection(SolutionProperties) = preSolution
		HideSolutionNode = FALSE
	EndGlobalSection
	GlobalSection(ExtensibilityGlobals) = postSolution
		SolutionGuid = {66B12092-0A38-4408-AA83-BE2414E02199}
	EndGlobalSection
EndGlobal
